// !$*UTF8*$!
{
	archiveVersion = 1;
	classes = {
	};
	objectVersion = 50;
	objects = {

/* Begin PBXBuildFile section */
		451C298B228BFEC600C286C6 /* Binar search.m in Sources */ = {isa = PBXBuildFile; fileRef = 451C298A228BFEC600C286C6 /* Binar search.m */; };
		45280969227308E6009493D1 /* NewsDetailViewController.m in Sources */ = {isa = PBXBuildFile; fileRef = 45280966227308E6009493D1 /* NewsDetailViewController.m */; };
		4528096A227308E6009493D1 /* NewsDetailViewController.xib in Resources */ = {isa = PBXBuildFile; fileRef = 45280968227308E6009493D1 /* NewsDetailViewController.xib */; };
		45289CDC22D88412006E6A3E /* TimerTestViewController.m in Sources */ = {isa = PBXBuildFile; fileRef = 45289CDB22D88412006E6A3E /* TimerTestViewController.m */; };
		452FADE92268681E002872B2 /* AppDelegate.m in Sources */ = {isa = PBXBuildFile; fileRef = 452FADE82268681E002872B2 /* AppDelegate.m */; };
		452FADEC2268681E002872B2 /* ViewController.m in Sources */ = {isa = PBXBuildFile; fileRef = 452FADEB2268681E002872B2 /* ViewController.m */; };
		452FADEF2268681E002872B2 /* Main.storyboard in Resources */ = {isa = PBXBuildFile; fileRef = 452FADED2268681E002872B2 /* Main.storyboard */; };
		452FADF122686825002872B2 /* Assets.xcassets in Resources */ = {isa = PBXBuildFile; fileRef = 452FADF022686825002872B2 /* Assets.xcassets */; };
		452FADF422686825002872B2 /* LaunchScreen.storyboard in Resources */ = {isa = PBXBuildFile; fileRef = 452FADF222686825002872B2 /* LaunchScreen.storyboard */; };
		452FADF722686826002872B2 /* main.m in Sources */ = {isa = PBXBuildFile; fileRef = 452FADF622686826002872B2 /* main.m */; };
		45D39BAD22DC816000F2B256 /* GCDViewController.m in Sources */ = {isa = PBXBuildFile; fileRef = 45D39BAC22DC816000F2B256 /* GCDViewController.m */; };
		45D39BB122DC81A000F2B256 /* LayerViewController.m in Sources */ = {isa = PBXBuildFile; fileRef = 45D39BB022DC81A000F2B256 /* LayerViewController.m */; };
		5FF18EB53794C7A171CACA03 /* libPods-testCopy.a in Frameworks */ = {isa = PBXBuildFile; fileRef = 2F12A14A08D4669EACA70983 /* libPods-testCopy.a */; };
/* End PBXBuildFile section */

/* Begin PBXFileReference section */
		2F12A14A08D4669EACA70983 /* libPods-testCopy.a */ = {isa = PBXFileReference; explicitFileType = archive.ar; includeInIndex = 0; path = "libPods-testCopy.a"; sourceTree = BUILT_PRODUCTS_DIR; };
		451C2989228BFEC600C286C6 /* Binar search.h */ = {isa = PBXFileReference; lastKnownFileType = sourcecode.c.h; path = "Binar search.h"; sourceTree = "<group>"; };
		451C298A228BFEC600C286C6 /* Binar search.m */ = {isa = PBXFileReference; lastKnownFileType = sourcecode.c.objc; path = "Binar search.m"; sourceTree = "<group>"; };
		45280966227308E6009493D1 /* NewsDetailViewController.m */ = {isa = PBXFileReference; fileEncoding = 4; lastKnownFileType = sourcecode.c.objc; path = NewsDetailViewController.m; sourceTree = "<group>"; };
		45280967227308E6009493D1 /* NewsDetailViewController.h */ = {isa = PBXFileReference; fileEncoding = 4; lastKnownFileType = sourcecode.c.h; path = NewsDetailViewController.h; sourceTree = "<group>"; };
		45280968227308E6009493D1 /* NewsDetailViewController.xib */ = {isa = PBXFileReference; fileEncoding = 4; lastKnownFileType = file.xib; path = NewsDetailViewController.xib; sourceTree = "<group>"; };
		45289CDA22D88412006E6A3E /* TimerTestViewController.h */ = {isa = PBXFileReference; lastKnownFileType = sourcecode.c.h; path = TimerTestViewController.h; sourceTree = "<group>"; };
		45289CDB22D88412006E6A3E /* TimerTestViewController.m */ = {isa = PBXFileReference; lastKnownFileType = sourcecode.c.objc; path = TimerTestViewController.m; sourceTree = "<group>"; };
		452FADE42268681E002872B2 /* testCopy.app */ = {isa = PBXFileReference; explicitFileType = wrapper.application; includeInIndex = 0; path = testCopy.app; sourceTree = BUILT_PRODUCTS_DIR; };
		452FADE72268681E002872B2 /* AppDelegate.h */ = {isa = PBXFileReference; lastKnownFileType = sourcecode.c.h; path = AppDelegate.h; sourceTree = "<group>"; };
		452FADE82268681E002872B2 /* AppDelegate.m */ = {isa = PBXFileReference; lastKnownFileType = sourcecode.c.objc; path = AppDelegate.m; sourceTree = "<group>"; };
		452FADEA2268681E002872B2 /* ViewController.h */ = {isa = PBXFileReference; lastKnownFileType = sourcecode.c.h; path = ViewController.h; sourceTree = "<group>"; };
		452FADEB2268681E002872B2 /* ViewController.m */ = {isa = PBXFileReference; lastKnownFileType = sourcecode.c.objc; path = ViewController.m; sourceTree = "<group>"; };
		452FADEE2268681E002872B2 /* Base */ = {isa = PBXFileReference; lastKnownFileType = file.storyboard; name = Base; path = Base.lproj/Main.storyboard; sourceTree = "<group>"; };
		452FADF022686825002872B2 /* Assets.xcassets */ = {isa = PBXFileReference; lastKnownFileType = folder.assetcatalog; path = Assets.xcassets; sourceTree = "<group>"; };
		452FADF322686825002872B2 /* Base */ = {isa = PBXFileReference; lastKnownFileType = file.storyboard; name = Base; path = Base.lproj/LaunchScreen.storyboard; sourceTree = "<group>"; };
		452FADF522686826002872B2 /* Info.plist */ = {isa = PBXFileReference; lastKnownFileType = text.plist.xml; path = Info.plist; sourceTree = "<group>"; };
		452FADF622686826002872B2 /* main.m */ = {isa = PBXFileReference; lastKnownFileType = sourcecode.c.objc; path = main.m; sourceTree = "<group>"; };
		45D39BAB22DC816000F2B256 /* GCDViewController.h */ = {isa = PBXFileReference; lastKnownFileType = sourcecode.c.h; path = GCDViewController.h; sourceTree = "<group>"; };
		45D39BAC22DC816000F2B256 /* GCDViewController.m */ = {isa = PBXFileReference; lastKnownFileType = sourcecode.c.objc; path = GCDViewController.m; sourceTree = "<group>"; };
		45D39BAF22DC81A000F2B256 /* LayerViewController.h */ = {isa = PBXFileReference; lastKnownFileType = sourcecode.c.h; path = LayerViewController.h; sourceTree = "<group>"; };
		45D39BB022DC81A000F2B256 /* LayerViewController.m */ = {isa = PBXFileReference; lastKnownFileType = sourcecode.c.objc; path = LayerViewController.m; sourceTree = "<group>"; };
		84BDE28D4CC84B52C56A7F31 /* Pods-testCopy.debug.xcconfig */ = {isa = PBXFileReference; includeInIndex = 1; lastKnownFileType = text.xcconfig; name = "Pods-testCopy.debug.xcconfig"; path = "Pods/Target Support Files/Pods-testCopy/Pods-testCopy.debug.xcconfig"; sourceTree = "<group>"; };
		BA2680B3D40BEE707DDF73D2 /* Pods-testCopy.release.xcconfig */ = {isa = PBXFileReference; includeInIndex = 1; lastKnownFileType = text.xcconfig; name = "Pods-testCopy.release.xcconfig"; path = "Pods/Target Support Files/Pods-testCopy/Pods-testCopy.release.xcconfig"; sourceTree = "<group>"; };
/* End PBXFileReference section */

/* Begin PBXFrameworksBuildPhase section */
		452FADE12268681E002872B2 /* Frameworks */ = {
			isa = PBXFrameworksBuildPhase;
			buildActionMask = 2147483647;
			files = (
				5FF18EB53794C7A171CACA03 /* libPods-testCopy.a in Frameworks */,
			);
			runOnlyForDeploymentPostprocessing = 0;
		};
/* End PBXFrameworksBuildPhase section */

/* Begin PBXGroup section */
		0F9B7120ECDE99ACB94D5059 /* Frameworks */ = {
			isa = PBXGroup;
			children = (
				2F12A14A08D4669EACA70983 /* libPods-testCopy.a */,
			);
			name = Frameworks;
			sourceTree = "<group>";
		};
		451C2987228BF6BF00C286C6 /* copy */ = {
			isa = PBXGroup;
			children = (
				452FADEA2268681E002872B2 /* ViewController.h */,
				452FADEB2268681E002872B2 /* ViewController.m */,
			);
			path = copy;
			sourceTree = "<group>";
		};
		451C2988228BFE5500C286C6 /* Algorithm */ = {
			isa = PBXGroup;
			children = (
				451C2989228BFEC600C286C6 /* Binar search.h */,
				451C298A228BFEC600C286C6 /* Binar search.m */,
			);
			path = Algorithm;
			sourceTree = "<group>";
		};
		452809652273083F009493D1 /* wkwebview */ = {
			isa = PBXGroup;
			children = (
				45280967227308E6009493D1 /* NewsDetailViewController.h */,
				45280966227308E6009493D1 /* NewsDetailViewController.m */,
				45280968227308E6009493D1 /* NewsDetailViewController.xib */,
			);
			path = wkwebview;
			sourceTree = "<group>";
		};
		45289CD922D883F7006E6A3E /* Timer */ = {
			isa = PBXGroup;
			children = (
				45289CDA22D88412006E6A3E /* TimerTestViewController.h */,
				45289CDB22D88412006E6A3E /* TimerTestViewController.m */,
			);
			path = Timer;
			sourceTree = "<group>";
		};
		452FADDB2268681E002872B2 = {
			isa = PBXGroup;
			children = (
				452FADE62268681E002872B2 /* testCopy */,
				452FADE52268681E002872B2 /* Products */,
				8C2F3140101D33D07A2F6187 /* Pods */,
				0F9B7120ECDE99ACB94D5059 /* Frameworks */,
			);
			sourceTree = "<group>";
		};
		452FADE52268681E002872B2 /* Products */ = {
			isa = PBXGroup;
			children = (
				452FADE42268681E002872B2 /* testCopy.app */,
			);
			name = Products;
			sourceTree = "<group>";
		};
		452FADE62268681E002872B2 /* testCopy */ = {
			isa = PBXGroup;
			children = (
				45D39BAE22DC818600F2B256 /* layer */,
				45D39BAA22DC814B00F2B256 /* GCD */,
				45289CD922D883F7006E6A3E /* Timer */,
				451C2988228BFE5500C286C6 /* Algorithm */,
				451C2987228BF6BF00C286C6 /* copy */,
				452809652273083F009493D1 /* wkwebview */,
				452FADE72268681E002872B2 /* AppDelegate.h */,
				452FADE82268681E002872B2 /* AppDelegate.m */,
				452FADED2268681E002872B2 /* Main.storyboard */,
				452FADF022686825002872B2 /* Assets.xcassets */,
				452FADF222686825002872B2 /* LaunchScreen.storyboard */,
				452FADF522686826002872B2 /* Info.plist */,
				452FADF622686826002872B2 /* main.m */,
			);
			path = testCopy;
			sourceTree = "<group>";
		};
		45D39BAA22DC814B00F2B256 /* GCD */ = {
			isa = PBXGroup;
			children = (
				45D39BAB22DC816000F2B256 /* GCDViewController.h */,
				45D39BAC22DC816000F2B256 /* GCDViewController.m */,
			);
			path = GCD;
			sourceTree = "<group>";
		};
		45D39BAE22DC818600F2B256 /* layer */ = {
			isa = PBXGroup;
			children = (
				45D39BAF22DC81A000F2B256 /* LayerViewController.h */,
				45D39BB022DC81A000F2B256 /* LayerViewController.m */,
			);
			path = layer;
			sourceTree = "<group>";
		};
		8C2F3140101D33D07A2F6187 /* Pods */ = {
			isa = PBXGroup;
			children = (
				84BDE28D4CC84B52C56A7F31 /* Pods-testCopy.debug.xcconfig */,
				BA2680B3D40BEE707DDF73D2 /* Pods-testCopy.release.xcconfig */,
			);
			name = Pods;
			sourceTree = "<group>";
		};
/* End PBXGroup section */

/* Begin PBXNativeTarget section */
		452FADE32268681E002872B2 /* testCopy */ = {
			isa = PBXNativeTarget;
			buildConfigurationList = 452FADFA22686826002872B2 /* Build configuration list for PBXNativeTarget "testCopy" */;
			buildPhases = (
				52D17A8257270CBB1C394371 /* [CP] Check Pods Manifest.lock */,
				452FADE02268681E002872B2 /* Sources */,
				452FADE12268681E002872B2 /* Frameworks */,
				452FADE22268681E002872B2 /* Resources */,
			);
			buildRules = (
			);
			dependencies = (
			);
			name = testCopy;
			productName = testCopy;
			productReference = 452FADE42268681E002872B2 /* testCopy.app */;
			productType = "com.apple.product-type.application";
		};
/* End PBXNativeTarget section */

/* Begin PBXProject section */
		452FADDC2268681E002872B2 /* Project object */ = {
			isa = PBXProject;
			attributes = {
				LastUpgradeCheck = 1010;
				ORGANIZATIONNAME = Air;
				TargetAttributes = {
					452FADE32268681E002872B2 = {
						CreatedOnToolsVersion = 10.1;
					};
				};
			};
			buildConfigurationList = 452FADDF2268681E002872B2 /* Build configuration list for PBXProject "testCopy" */;
			compatibilityVersion = "Xcode 9.3";
			developmentRegion = en;
			hasScannedForEncodings = 0;
			knownRegions = (
				en,
				Base,
			);
			mainGroup = 452FADDB2268681E002872B2;
			productRefGroup = 452FADE52268681E002872B2 /* Products */;
			projectDirPath = "";
			projectRoot = "";
			targets = (
				452FADE32268681E002872B2 /* testCopy */,
			);
		};
/* End PBXProject section */

/* Begin PBXResourcesBuildPhase section */
		452FADE22268681E002872B2 /* Resources */ = {
			isa = PBXResourcesBuildPhase;
			buildActionMask = 2147483647;
			files = (
				4528096A227308E6009493D1 /* NewsDetailViewController.xib in Resources */,
				452FADF422686825002872B2 /* LaunchScreen.storyboard in Resources */,
				452FADF122686825002872B2 /* Assets.xcassets in Resources */,
				452FADEF2268681E002872B2 /* Main.storyboard in Resources */,
			);
			runOnlyForDeploymentPostprocessing = 0;
		};
/* End PBXResourcesBuildPhase section */

/* Begin PBXShellScriptBuildPhase section */
		52D17A8257270CBB1C394371 /* [CP] Check Pods Manifest.lock */ = {
			isa = PBXShellScriptBuildPhase;
			buildActionMask = 2147483647;
			files = (
			);
			inputPaths = (
				"${PODS_PODFILE_DIR_PATH}/Podfile.lock",
				"${PODS_ROOT}/Manifest.lock",
			);
			name = "[CP] Check Pods Manifest.lock";
			outputPaths = (
				"$(DERIVED_FILE_DIR)/Pods-testCopy-checkManifestLockResult.txt",
			);
			runOnlyForDeploymentPostprocessing = 0;
			shellPath = /bin/sh;
			shellScript = "diff \"${PODS_PODFILE_DIR_PATH}/Podfile.lock\" \"${PODS_ROOT}/Manifest.lock\" > /dev/null\nif [ $? != 0 ] ; then\n    # print error to STDERR\n    echo \"error: The sandbox is not in sync with the Podfile.lock. Run 'pod install' or update your CocoaPods installation.\" >&2\n    exit 1\nfi\n# This output is used by Xcode 'outputs' to avoid re-running this script phase.\necho \"SUCCESS\" > \"${SCRIPT_OUTPUT_FILE_0}\"\n";
			showEnvVarsInLog = 0;
		};
/* End PBXShellScriptBuildPhase section */

/* Begin PBXSourcesBuildPhase section */
		452FADE02268681E002872B2 /* Sources */ = {
			isa = PBXSourcesBuildPhase;
			buildActionMask = 2147483647;
			files = (
				45280969227308E6009493D1 /* NewsDetailViewController.m in Sources */,
				45289CDC22D88412006E6A3E /* TimerTestViewController.m in Sources */,
				452FADEC2268681E002872B2 /* ViewController.m in Sources */,
				451C298B228BFEC600C286C6 /* Binar search.m in Sources */,
				45D39BB122DC81A000F2B256 /* LayerViewController.m in Sources */,
				45D39BAD22DC816000F2B256 /* GCDViewController.m in Sources */,
				452FADF722686826002872B2 /* main.m in Sources */,
				452FADE92268681E002872B2 /* AppDelegate.m in Sources */,
			);
			runOnlyForDeploymentPostprocessing = 0;
		};
/* End PBXSourcesBuildPhase section */

/* Begin PBXVariantGroup section */
		452FADED2268681E002872B2 /* Main.storyboard */ = {
			isa = PBXVariantGroup;
			children = (
				452FADEE2268681E002872B2 /* Base */,
			);
			name = Main.storyboard;
			sourceTree = "<group>";
		};
		452FADF222686825002872B2 /* LaunchScreen.storyboard */ = {
			isa = PBXVariantGroup;
			children = (
				452FADF322686825002872B2 /* Base */,
			);
			name = LaunchScreen.storyboard;
			sourceTree = "<group>";
		};
/* End PBXVariantGroup section */

/* Begin XCBuildConfiguration section */
		452FADF822686826002872B2 /* Debug */ = {
			isa = XCBuildConfiguration;
			buildSettings = {
				ALWAYS_SEARCH_USER_PATHS = NO;
				CLANG_ANALYZER_NONNULL = YES;
				CLANG_ANALYZER_NUMBER_OBJECT_CONVERSION = YES_AGGRESSIVE;
				CLANG_CXX_LANGUAGE_STANDARD = "gnu++14";
				CLANG_CXX_LIBRARY = "libc++";
				CLANG_ENABLE_MODULES = YES;
				CLANG_ENABLE_OBJC_ARC = YES;
				CLANG_ENABLE_OBJC_WEAK = YES;
				CLANG_WARN_BLOCK_CAPTURE_AUTORELEASING = YES;
				CLANG_WARN_BOOL_CONVERSION = YES;
				CLANG_WARN_COMMA = YES;
				CLANG_WARN_CONSTANT_CONVERSION = YES;
				CLANG_WARN_DEPRECATED_OBJC_IMPLEMENTATIONS = YES;
				CLANG_WARN_DIRECT_OBJC_ISA_USAGE = YES_ERROR;
				CLANG_WARN_DOCUMENTATION_COMMENTS = YES;
				CLANG_WARN_EMPTY_BODY = YES;
				CLANG_WARN_ENUM_CONVERSION = YES;
				CLANG_WARN_INFINITE_RECURSION = YES;
				CLANG_WARN_INT_CONVERSION = YES;
				CLANG_WARN_NON_LITERAL_NULL_CONVERSION = YES;
				CLANG_WARN_OBJC_IMPLICIT_RETAIN_SELF = YES;
				CLANG_WARN_OBJC_LITERAL_CONVERSION = YES;
				CLANG_WARN_OBJC_ROOT_CLASS = YES_ERROR;
				CLANG_WARN_RANGE_LOOP_ANALYSIS = YES;
				CLANG_WARN_STRICT_PROTOTYPES = YES;
				CLANG_WARN_SUSPICIOUS_MOVE = YES;
				CLANG_WARN_UNGUARDED_AVAILABILITY = YES_AGGRESSIVE;
				CLANG_WARN_UNREACHABLE_CODE = YES;
				CLANG_WARN__DUPLICATE_METHOD_MATCH = YES;
				CODE_SIGN_IDENTITY = "iPhone Developer";
				COPY_PHASE_STRIP = NO;
				DEBUG_INFORMATION_FORMAT = dwarf;
				ENABLE_STRICT_OBJC_MSGSEND = YES;
				ENABLE_TESTABILITY = YES;
				GCC_C_LANGUAGE_STANDARD = gnu11;
				GCC_DYNAMIC_NO_PIC = NO;
				GCC_NO_COMMON_BLOCKS = YES;
				GCC_OPTIMIZATION_LEVEL = 0;
				GCC_PREPROCESSOR_DEFINITIONS = (
					"DEBUG=1",
					"$(inherited)",
				);
				GCC_WARN_64_TO_32_BIT_CONVERSION = YES;
				GCC_WARN_ABOUT_RETURN_TYPE = YES_ERROR;
				GCC_WARN_UNDECLARED_SELECTOR = YES;
				GCC_WARN_UNINITIALIZED_AUTOS = YES_AGGRESSIVE;
				GCC_WARN_UNUSED_FUNCTION = YES;
				GCC_WARN_UNUSED_VARIABLE = YES;
				IPHONEOS_DEPLOYMENT_TARGET = 12.1;
				MTL_ENABLE_DEBUG_INFO = INCLUDE_SOURCE;
				MTL_FAST_MATH = YES;
				ONLY_ACTIVE_ARCH = YES;
				SDKROOT = iphoneos;
			};
			name = Debug;
		};
		452FADF922686826002872B2 /* Release */ = {
			isa = XCBuildConfiguration;
			buildSettings = {
				ALWAYS_SEARCH_USER_PATHS = NO;
				CLANG_ANALYZER_NONNULL = YES;
				CLANG_ANALYZER_NUMBER_OBJECT_CONVERSION = YES_AGGRESSIVE;
				CLANG_CXX_LANGUAGE_STANDARD = "gnu++14";
				CLANG_CXX_LIBRARY = "libc++";
				CLANG_ENABLE_MODULES = YES;
				CLANG_ENABLE_OBJC_ARC = YES;
				CLANG_ENABLE_OBJC_WEAK = YES;
				CLANG_WARN_BLOCK_CAPTURE_AUTORELEASING = YES;
				CLANG_WARN_BOOL_CONVERSION = YES;
				CLANG_WARN_COMMA = YES;
				CLANG_WARN_CONSTANT_CONVERSION = YES;
				CLANG_WARN_DEPRECATED_OBJC_IMPLEMENTATIONS = YES;
				CLANG_WARN_DIRECT_OBJC_ISA_USAGE = YES_ERROR;
				CLANG_WARN_DOCUMENTATION_COMMENTS = YES;
				CLANG_WARN_EMPTY_BODY = YES;
				CLANG_WARN_ENUM_CONVERSION = YES;
				CLANG_WARN_INFINITE_RECURSION = YES;
				CLANG_WARN_INT_CONVERSION = YES;
				CLANG_WARN_NON_LITERAL_NULL_CONVERSION = YES;
				CLANG_WARN_OBJC_IMPLICIT_RETAIN_SELF = YES;
				CLANG_WARN_OBJC_LITERAL_CONVERSION = YES;
				CLANG_WARN_OBJC_ROOT_CLASS = YES_ERROR;
				CLANG_WARN_RANGE_LOOP_ANALYSIS = YES;
				CLANG_WARN_STRICT_PROTOTYPES = YES;
				CLANG_WARN_SUSPICIOUS_MOVE = YES;
				CLANG_WARN_UNGUARDED_AVAILABILITY = YES_AGGRESSIVE;
				CLANG_WARN_UNREACHABLE_CODE = YES;
				CLANG_WARN__DUPLICATE_METHOD_MATCH = YES;
				CODE_SIGN_IDENTITY = "iPhone Developer";
				COPY_PHASE_STRIP = NO;
				DEBUG_INFORMATION_FORMAT = "dwarf-with-dsym";
				ENABLE_NS_ASSERTIONS = NO;
				ENABLE_STRICT_OBJC_MSGSEND = YES;
				GCC_C_LANGUAGE_STANDARD = gnu11;
				GCC_NO_COMMON_BLOCKS = YES;
				GCC_WARN_64_TO_32_BIT_CONVERSION = YES;
				GCC_WARN_ABOUT_RETURN_TYPE = YES_ERROR;
				GCC_WARN_UNDECLARED_SELECTOR = YES;
				GCC_WARN_UNINITIALIZED_AUTOS = YES_AGGRESSIVE;
				GCC_WARN_UNUSED_FUNCTION = YES;
				GCC_WARN_UNUSED_VARIABLE = YES;
				IPHONEOS_DEPLOYMENT_TARGET = 12.1;
				MTL_ENABLE_DEBUG_INFO = NO;
				MTL_FAST_MATH = YES;
				SDKROOT = iphoneos;
				VALIDATE_PRODUCT = YES;
			};
			name = Release;
		};
		452FADFB22686826002872B2 /* Debug */ = {
			isa = XCBuildConfiguration;
			baseConfigurationReference = 84BDE28D4CC84B52C56A7F31 /* Pods-testCopy.debug.xcconfig */;
			buildSettings = {
				ASSETCATALOG_COMPILER_APPICON_NAME = AppIcon;
				CODE_SIGN_STYLE = Automatic;
				DEVELOPMENT_TEAM = 374PTTRTD2;
				INFOPLIST_FILE = testCopy/Info.plist;
				LD_RUNPATH_SEARCH_PATHS = (
					"$(inherited)",
					"@executable_path/Frameworks",
				);
				PRODUCT_BUNDLE_IDENTIFIER = com.hsjskj.testCopy;
				PRODUCT_NAME = "$(TARGET_NAME)";
				TARGETED_DEVICE_FAMILY = "1,2";
			};
			name = Debug;
		};
		452FADFC22686826002872B2 /* Release */ = {
			isa = XCBuildConfiguration;
			baseConfigurationReference = BA2680B3D40BEE707DDF73D2 /* Pods-testCopy.release.xcconfig */;
			buildSettings = {
				ASSETCATALOG_COMPILER_APPICON_NAME = AppIcon;
				CODE_SIGN_STYLE = Automatic;
				DEVELOPMENT_TEAM = 374PTTRTD2;
				INFOPLIST_FILE = testCopy/Info.plist;
				LD_RUNPATH_SEARCH_PATHS = (
					"$(inherited)",
					"@executable_path/Frameworks",
				);
				PRODUCT_BUNDLE_IDENTIFIER = com.hsjskj.testCopy;
				PRODUCT_NAME = "$(TARGET_NAME)";
				TARGETED_DEVICE_FAMILY = "1,2";
			};
			name = Release;
		};
/* End XCBuildConfiguration section */

/* Begin XCConfigurationList section */
		452FADDF2268681E002872B2 /* Build configuration list for PBXProject "testCopy" */ = {
			isa = XCConfigurationList;
			buildConfigurations = (
				452FADF822686826002872B2 /* Debug */,
				452FADF922686826002872B2 /* Release */,
			);
			defaultConfigurationIsVisible = 0;
			defaultConfigurationName = Release;
		};
		452FADFA22686826002872B2 /* Build configuration list for PBXNativeTarget "testCopy" */ = {
			isa = XCConfigurationList;
			buildConfigurations = (
				452FADFB22686826002872B2 /* Debug */,
				452FADFC22686826002872B2 /* Release */,
			);
			defaultConfigurationIsVisible = 0;
			defaultConfigurationName = Release;
		};
/* End XCConfigurationList section */
	};
	rootObject = 452FADDC2268681E002872B2 /* Project object */;
}
